{
	"name": "links",
	"version": "1.0.0",
	"lockfileVersion": 1,
	"dependencies": {
		"@angular/common": {
			"version": "5.0.0-beta.0",
			"resolved": "https://registry.npmjs.org/@angular/common/-/common-5.0.0-beta.0.tgz",
			"integrity": "sha1-/F2WB6lEo9bcTzTwKYnV6Lesmo8="
		},
		"@angular/compiler": {
			"version": "5.0.0-beta.0",
			"resolved": "https://registry.npmjs.org/@angular/compiler/-/compiler-5.0.0-beta.0.tgz",
			"integrity": "sha1-110XpqpC/9yzV1qfQ0dCcEGm8yQ="
		},
		"@angular/core": {
			"version": "5.0.0-beta.0",
			"resolved": "https://registry.npmjs.org/@angular/core/-/core-5.0.0-beta.0.tgz",
			"integrity": "sha1-qLsEWETQzh6Ucxx/4IpAxv13IOg="
		},
		"@angular/forms": {
			"version": "5.0.0-beta.0",
			"resolved": "https://registry.npmjs.org/@angular/forms/-/forms-5.0.0-beta.0.tgz",
			"integrity": "sha1-vZD/g3WNby38tUqIyRuuzBQ63/g="
		},
		"@angular/http": {
			"version": "5.0.0-beta.0",
			"resolved": "https://registry.npmjs.org/@angular/http/-/http-5.0.0-beta.0.tgz",
			"integrity": "sha1-NacSEM1mch24C2LsAKWGRpAGmFI="
		},
		"@angular/platform-browser": {
			"version": "5.0.0-beta.0",
			"resolved": "https://registry.npmjs.org/@angular/platform-browser/-/platform-browser-5.0.0-beta.0.tgz",
			"integrity": "sha1-0SnZZX12iYEexEndM0PswVVCiaE="
		},
		"@angular/platform-browser-dynamic": {
			"version": "5.0.0-beta.0",
			"resolved": "https://registry.npmjs.org/@angular/platform-browser-dynamic/-/platform-browser-dynamic-5.0.0-beta.0.tgz",
			"integrity": "sha1-o7C2N6OKcOuQiNQqSCJF/CdPIDY="
		},
		"@angular/router": {
			"version": "5.0.0-beta.0",
			"resolved": "https://registry.npmjs.org/@angular/router/-/router-5.0.0-beta.0.tgz",
			"integrity": "sha1-8H5klfKnlfalmqEIxvYYYgotpDw="
		},
		"@types/node": {
			"version": "6.0.84",
			"resolved": "https://registry.npmjs.org/@types/node/-/node-6.0.84.tgz",
			"integrity": "sha512-1SvEazClhUBRNroJM3oB3xf3u2r6xGmHDGbdigqNPHvNKLl8/BtATgO9eC04ZLuovpSh0B20BF1QJxdi+qmTlg==",
			"dev": true
		},
		"ansi-font": {
			"version": "0.0.2",
			"resolved": "https://registry.npmjs.org/ansi-font/-/ansi-font-0.0.2.tgz",
			"integrity": "sha1-iQMBvVhBRi/TnAt3Ca/R9SUUMzE="
		},
		"asap": {
			"version": "2.0.6",
			"resolved": "https://registry.npmjs.org/asap/-/asap-2.0.6.tgz",
			"integrity": "sha1-5QNHYR1+aQlDIIu9r+vLwvuGbUY="
		},
		"bootstrap": {
			"version": "3.3.7",
			"resolved": "https://registry.npmjs.org/bootstrap/-/bootstrap-3.3.7.tgz",
			"integrity": "sha1-WjiTlFSfIzMIdaOxUGVldPip63E="
		},
		"commonjs": {
			"version": "0.0.1",
			"resolved": "https://registry.npmjs.org/commonjs/-/commonjs-0.0.1.tgz",
			"integrity": "sha1-ZcUx3P9lZcp8ld38lmIricwClNU="
		},
		"core-js": {
			"version": "2.4.1",
			"resolved": "https://registry.npmjs.org/core-js/-/core-js-2.4.1.tgz",
			"integrity": "sha1-TekR5mew6ukSTjQlS1OupvxhjT4="
		},
		"corejs": {
			"version": "1.0.0",
			"resolved": "https://registry.npmjs.org/corejs/-/corejs-1.0.0.tgz",
			"integrity": "sha1-bRk1G+a7heyWxg/WnJzgh60/DWY="
		},
		"pop-iterate": {
			"version": "1.0.1",
			"resolved": "https://registry.npmjs.org/pop-iterate/-/pop-iterate-1.0.1.tgz",
			"integrity": "sha1-zqz9q0q/NT16DyqqLB/Hs/lBO6M="
		},
		"q": {
			"version": "2.0.3",
			"resolved": "https://registry.npmjs.org/q/-/q-2.0.3.tgz",
			"integrity": "sha1-dbjbAlWhpa+C9Yw/Oqoe/sfQ0TQ="
		},
		"reflect-metadata": {
			"version": "0.1.10",
			"resolved": "https://registry.npmjs.org/reflect-metadata/-/reflect-metadata-0.1.10.tgz",
			"integrity": "sha1-tPg3BEFqytiZiMmxVjXUfgO5NEo="
		},
		"reflectjs": {
			"version": "0.0.1",
			"resolved": "https://registry.npmjs.org/reflectjs/-/reflectjs-0.0.1.tgz",
			"integrity": "sha1-rawOOUldWxsv5/y0EvOnRVGnzSM="
		},
		"rxjs": {
			"version": "5.0.1",
			"resolved": "https://registry.npmjs.org/rxjs/-/rxjs-5.0.1.tgz",
			"integrity": "sha1-Omm9+fDKCphjAzcNRwj3K9+sg1Y="
		},
		"symbol-observable": {
			"version": "1.0.4",
			"resolved": "https://registry.npmjs.org/symbol-observable/-/symbol-observable-1.0.4.tgz",
			"integrity": "sha1-Kb9hXUqnEhvdiYsi1LP5vE4qoD0="
		},
		"system": {
			"version": "1.3.0",
			"resolved": "https://registry.npmjs.org/system/-/system-1.3.0.tgz",
			"integrity": "sha1-2ZR4vvsDzZ4v0vw0CyDNWrrRPfc="
		},
		"systemjs": {
			"version": "0.19.47",
			"resolved": "https://registry.npmjs.org/systemjs/-/systemjs-0.19.47.tgz",
			"integrity": "sha1-yMk5NxgPP1SBx2nNJyB2P7SjHG8="
		},
		"test": {
			"version": "0.6.0",
			"resolved": "https://registry.npmjs.org/test/-/test-0.6.0.tgz",
			"integrity": "sha1-WYasRF7Bd1QyJRLRBLoyyKY+k44="
		},
		"tslib": {
			"version": "1.7.1",
			"resolved": "https://registry.npmjs.org/tslib/-/tslib-1.7.1.tgz",
			"integrity": "sha1-vIAEFkaRkjp5/oN4u+s9ogF1OOw="
		},
		"typescript": {
			"version": "2.1.6",
			"resolved": "https://registry.npmjs.org/typescript/-/typescript-2.1.6.tgz",
			"integrity": "sha1-QMfm6eXaeWG3cYtVUF+crJSHpgc=",
			"dev": true
		},
		"weak-map": {
			"version": "1.0.5",
			"resolved": "https://registry.npmjs.org/weak-map/-/weak-map-1.0.5.tgz",
			"integrity": "sha1-eWkVhNmGB/UHC9O3CkDmuyLkAes="
		},
		"when": {
			"version": "3.7.8",
			"resolved": "https://registry.npmjs.org/when/-/when-3.7.8.tgz",
			"integrity": "sha1-xxMLan6gRpPoQs3J56Hyqjmjn4I="
		},
		"zone.js": {
			"version": "0.8.14",
			"resolved": "https://registry.npmjs.org/zone.js/-/zone.js-0.8.14.tgz",
			"integrity": "sha1-DE2ySxeCMidMy0P3jJnbfzZCts8="
		}
	}
}
